<?xml version="1.0" encoding="utf-8"?>
<Project ToolsVersion="4.0" xmlns="http://schemas.microsoft.com/developer/msbuild/2003">
  <ItemGroup>
    <Filter Include="소스 파일">
      <UniqueIdentifier>{4FC737F1-C7A5-4376-A066-2A32D752A2FF}</UniqueIdentifier>
      <Extensions>cpp;c;cc;cxx;def;odl;idl;hpj;bat;asm;asmx</Extensions>
    </Filter>
    <Filter Include="헤더 파일">
      <UniqueIdentifier>{93995380-89BD-4b04-88EB-625FBE52EBFB}</UniqueIdentifier>
      <Extensions>h;hh;hpp;hxx;hm;inl;inc;ipp;xsd</Extensions>
    </Filter>
    <Filter Include="리소스 파일">
      <UniqueIdentifier>{67DA6AB6-F800-4c08-8B7A-83BB121AAD01}</UniqueIdentifier>
      <Extensions>rc;ico;cur;bmp;dlg;rc2;rct;bin;rgs;gif;jpg;jpeg;jpe;resx;tiff;tif;png;wav;mfcribbon-ms</Extensions>
    </Filter>
    <Filter Include="소스 파일\BFS_DFS">
      <UniqueIdentifier>{e801f9f1-9fd5-4321-bf3f-756088883a03}</UniqueIdentifier>
    </Filter>
    <Filter Include="소스 파일\Greedy">
      <UniqueIdentifier>{6c327c1b-d9f6-41a9-8496-9dacfb03915f}</UniqueIdentifier>
    </Filter>
    <Filter Include="소스 파일\DevMatching_2021_1">
      <UniqueIdentifier>{baac71a4-b9ce-4aa1-8b9b-58b57374bf86}</UniqueIdentifier>
    </Filter>
    <Filter Include="소스 파일\FullySearch">
      <UniqueIdentifier>{202bf547-4db9-4404-ad09-d8f25349a20d}</UniqueIdentifier>
    </Filter>
    <Filter Include="소스 파일\DevMatching_2021_2">
      <UniqueIdentifier>{2e609326-1fbe-46a3-a586-d75044635843}</UniqueIdentifier>
    </Filter>
    <Filter Include="소스 파일\Basic">
      <UniqueIdentifier>{0b88233c-e534-4de5-b6b3-9b76e9860cd8}</UniqueIdentifier>
    </Filter>
    <Filter Include="소스 파일\Level2">
      <UniqueIdentifier>{6241b7ec-898f-4a1d-848b-1c398d6bd0d9}</UniqueIdentifier>
    </Filter>
    <Filter Include="소스 파일\Level1">
      <UniqueIdentifier>{d4ef8244-55f9-44d4-845f-b2ad8ceb3ccc}</UniqueIdentifier>
    </Filter>
  </ItemGroup>
  <ItemGroup>
    <ClCompile Include="Numbers.cpp">
      <Filter>소스 파일\BFS_DFS</Filter>
    </ClCompile>
    <ClCompile Include="Networks.cpp">
      <Filter>소스 파일\BFS_DFS</Filter>
    </ClCompile>
    <ClCompile Include="HealthWear.cpp">
      <Filter>소스 파일\Greedy</Filter>
    </ClCompile>
    <ClCompile Include="lottos.cpp">
      <Filter>소스 파일\DevMatching_2021_1</Filter>
    </ClCompile>
    <ClCompile Include="MatrixRotation.cpp">
      <Filter>소스 파일\DevMatching_2021_1</Filter>
    </ClCompile>
    <ClCompile Include="Brooth.cpp">
      <Filter>소스 파일\DevMatching_2021_1</Filter>
    </ClCompile>
    <ClCompile Include="MathGiveUp.cpp">
      <Filter>소스 파일\FullySearch</Filter>
    </ClCompile>
    <ClCompile Include="FindPrime.cpp">
      <Filter>소스 파일</Filter>
    </ClCompile>
    <ClCompile Include="NewID.cpp">
      <Filter>소스 파일\DevMatching_2021_2</Filter>
    </ClCompile>
    <ClCompile Include="MaxHoliday.cpp">
      <Filter>소스 파일\DevMatching_2021_2</Filter>
    </ClCompile>
    <ClCompile Include="SortPieces.cpp">
      <Filter>소스 파일\Basic</Filter>
    </ClCompile>
    <ClCompile Include="124World.cpp">
      <Filter>소스 파일\Level2</Filter>
    </ClCompile>
    <ClCompile Include="makePrime.cpp">
      <Filter>소스 파일\Level1</Filter>
    </ClCompile>
    <ClCompile Include="JoyStick.cpp">
      <Filter>소스 파일\Greedy</Filter>
    </ClCompile>
    <ClCompile Include="MakeBigNumber.cpp">
      <Filter>소스 파일</Filter>
    </ClCompile>
    <ClCompile Include="MergePlusMinus.cpp">
      <Filter>소스 파일\Level1</Filter>
    </ClCompile>
    <ClCompile Include="LifeTube.cpp">
      <Filter>소스 파일\Greedy</Filter>
    </ClCompile>
  </ItemGroup>
</Project>